
Microsoft Visual Studio Solution File, Format Version 12.00
# Visual Studio Version 16
VisualStudioVersion = 16.0.29411.108
MinimumVisualStudioVersion = 10.0.40219.1
Project("{9A19103F-16F7-4668-BE54-9A1E7A4F7556}") = "AppInspector.Commands", "AppInspector\AppInspector.Commands.csproj", "{C6D58D43-481F-456F-90E8-FAC3779E6CC6}"
EndProject
Project("{2150E333-8FDC-42A3-9474-1A3956D46DE8}") = "Solution Items", "Solution Items", "{876245F3-D7C5-4AA3-A288-2CE94BF63B8E}"
	ProjectSection(SolutionItems) = preProject
		.editorconfig = .editorconfig
		README.md = README.md
	EndProjectSection
EndProject
Project("{9A19103F-16F7-4668-BE54-9A1E7A4F7556}") = "AppInspector.RulesEngine", "RulesEngine\AppInspector.RulesEngine.csproj", "{C19A98D2-629D-4F4D-87E4-3154416970BA}"
EndProject
Project("{9A19103F-16F7-4668-BE54-9A1E7A4F7556}") = "AppInspector.CLI", "AppInspector.CLI\AppInspector.CLI.csproj", "{824ED27E-A4CF-46A6-A01F-98B0821EB61C}"
EndProject
Project("{2150E333-8FDC-42A3-9474-1A3956D46DE8}") = "RulesPacker", "RulesPacker", "{C464D0CE-5254-4EA5-87C9-C0C96E40C3CB}"
	ProjectSection(SolutionItems) = preProject
		RulesPacker\ApplicationInspector.CLI.deps.json = RulesPacker\ApplicationInspector.CLI.deps.json
		RulesPacker\ApplicationInspector.CLI.dll = RulesPacker\ApplicationInspector.CLI.dll
		RulesPacker\ApplicationInspector.CLI.exe = RulesPacker\ApplicationInspector.CLI.exe
		RulesPacker\ApplicationInspector.CLI.pdb = RulesPacker\ApplicationInspector.CLI.pdb
		RulesPacker\ApplicationInspector.CLI.runtimeconfig.dev.json = RulesPacker\ApplicationInspector.CLI.runtimeconfig.dev.json
		RulesPacker\ApplicationInspector.CLI.runtimeconfig.json = RulesPacker\ApplicationInspector.CLI.runtimeconfig.json
		RulesPacker\ApplicationInspector.Commands.dll = RulesPacker\ApplicationInspector.Commands.dll
		RulesPacker\ApplicationInspector.Commands.pdb = RulesPacker\ApplicationInspector.Commands.pdb
		RulesPacker\ApplicationInspector.RulesEngine.dll = RulesPacker\ApplicationInspector.RulesEngine.dll
		RulesPacker\ApplicationInspector.RulesEngine.pdb = RulesPacker\ApplicationInspector.RulesEngine.pdb
		RulesPacker\CommandLine.dll = RulesPacker\CommandLine.dll
		RulesPacker\DotLiquid.dll = RulesPacker\DotLiquid.dll
		RulesPacker\Newtonsoft.Json.dll = RulesPacker\Newtonsoft.Json.dll
		RulesPacker\NLog.dll = RulesPacker\NLog.dll
	EndProjectSection
EndProject
Project("{9A19103F-16F7-4668-BE54-9A1E7A4F7556}") = "UnitTest.Commands", "UnitTest.Commands\UnitTest.Commands.csproj", "{181BD826-A428-41D9-8BEC-0D8EB2288DF5}"
EndProject
Project("{9A19103F-16F7-4668-BE54-9A1E7A4F7556}") = "Benchmarks", "Benchmarks\Benchmarks.csproj", "{F031887C-EA60-4390-9940-765E99E69B8F}"
EndProject
Global
	GlobalSection(SolutionConfigurationPlatforms) = preSolution
		Debug|Any CPU = Debug|Any CPU
		Release|Any CPU = Release|Any CPU
	EndGlobalSection
	GlobalSection(ProjectConfigurationPlatforms) = postSolution
		{C6D58D43-481F-456F-90E8-FAC3779E6CC6}.Debug|Any CPU.ActiveCfg = Debug|Any CPU
		{C6D58D43-481F-456F-90E8-FAC3779E6CC6}.Debug|Any CPU.Build.0 = Debug|Any CPU
		{C6D58D43-481F-456F-90E8-FAC3779E6CC6}.Release|Any CPU.ActiveCfg = Release|Any CPU
		{C6D58D43-481F-456F-90E8-FAC3779E6CC6}.Release|Any CPU.Build.0 = Release|Any CPU
		{C19A98D2-629D-4F4D-87E4-3154416970BA}.Debug|Any CPU.ActiveCfg = Debug|Any CPU
		{C19A98D2-629D-4F4D-87E4-3154416970BA}.Debug|Any CPU.Build.0 = Debug|Any CPU
		{C19A98D2-629D-4F4D-87E4-3154416970BA}.Release|Any CPU.ActiveCfg = Release|Any CPU
		{C19A98D2-629D-4F4D-87E4-3154416970BA}.Release|Any CPU.Build.0 = Release|Any CPU
		{824ED27E-A4CF-46A6-A01F-98B0821EB61C}.Debug|Any CPU.ActiveCfg = Debug|Any CPU
		{824ED27E-A4CF-46A6-A01F-98B0821EB61C}.Debug|Any CPU.Build.0 = Debug|Any CPU
		{824ED27E-A4CF-46A6-A01F-98B0821EB61C}.Release|Any CPU.ActiveCfg = Release|Any CPU
		{824ED27E-A4CF-46A6-A01F-98B0821EB61C}.Release|Any CPU.Build.0 = Release|Any CPU
		{181BD826-A428-41D9-8BEC-0D8EB2288DF5}.Debug|Any CPU.ActiveCfg = Debug|Any CPU
		{181BD826-A428-41D9-8BEC-0D8EB2288DF5}.Debug|Any CPU.Build.0 = Debug|Any CPU
		{181BD826-A428-41D9-8BEC-0D8EB2288DF5}.Release|Any CPU.ActiveCfg = Release|Any CPU
		{181BD826-A428-41D9-8BEC-0D8EB2288DF5}.Release|Any CPU.Build.0 = Release|Any CPU
		{F031887C-EA60-4390-9940-765E99E69B8F}.Debug|Any CPU.ActiveCfg = Debug|Any CPU
		{F031887C-EA60-4390-9940-765E99E69B8F}.Debug|Any CPU.Build.0 = Debug|Any CPU
		{F031887C-EA60-4390-9940-765E99E69B8F}.Release|Any CPU.ActiveCfg = Release|Any CPU
		{F031887C-EA60-4390-9940-765E99E69B8F}.Release|Any CPU.Build.0 = Release|Any CPU
	EndGlobalSection
	GlobalSection(SolutionProperties) = preSolution
		HideSolutionNode = FALSE
	EndGlobalSection
	GlobalSection(NestedProjects) = preSolution
		{C464D0CE-5254-4EA5-87C9-C0C96E40C3CB} = {876245F3-D7C5-4AA3-A288-2CE94BF63B8E}
	EndGlobalSection
	GlobalSection(ExtensibilityGlobals) = postSolution
		SolutionGuid = {1D8F88F7-47D4-475A-B1AF-713132222341}
	EndGlobalSection
EndGlobal
