
Microsoft Visual Studio Solution File, Format Version 12.00
# Visual Studio Version 16
VisualStudioVersion = 16.0.31702.278
MinimumVisualStudioVersion = 10.0.40219.1
Project("{FAE04EC0-301F-11D3-BF4B-00C04F79EFBC}") = "WinSarifViewer", "WinSarifViewer.csproj", "{0A1FC431-2A79-4A62-87A7-4412E9055430}"
EndProject
Project("{FAE04EC0-301F-11D3-BF4B-00C04F79EFBC}") = "WinSarifViewerCompanionLibrary", "..\WinSarifViewerCompanionLibrary\WinSarifViewerCompanionLibrary.csproj", "{0DAF9027-83FB-4D2F-83B8-C91F6D0B88B1}"
EndProject
Global
	GlobalSection(SolutionConfigurationPlatforms) = preSolution
		Debug|Any CPU = Debug|Any CPU
		Release|Any CPU = Release|Any CPU
	EndGlobalSection
	GlobalSection(ProjectConfigurationPlatforms) = postSolution
		{0A1FC431-2A79-4A62-87A7-4412E9055430}.Debug|Any CPU.ActiveCfg = Debug|Any CPU
		{0A1FC431-2A79-4A62-87A7-4412E9055430}.Debug|Any CPU.Build.0 = Debug|Any CPU
		{0A1FC431-2A79-4A62-87A7-4412E9055430}.Release|Any CPU.ActiveCfg = Release|Any CPU
		{0A1FC431-2A79-4A62-87A7-4412E9055430}.Release|Any CPU.Build.0 = Release|Any CPU
		{0DAF9027-83FB-4D2F-83B8-C91F6D0B88B1}.Debug|Any CPU.ActiveCfg = Debug|Any CPU
		{0DAF9027-83FB-4D2F-83B8-C91F6D0B88B1}.Debug|Any CPU.Build.0 = Debug|Any CPU
		{0DAF9027-83FB-4D2F-83B8-C91F6D0B88B1}.Release|Any CPU.ActiveCfg = Release|Any CPU
		{0DAF9027-83FB-4D2F-83B8-C91F6D0B88B1}.Release|Any CPU.Build.0 = Release|Any CPU
	EndGlobalSection
	GlobalSection(SolutionProperties) = preSolution
		HideSolutionNode = FALSE
	EndGlobalSection
	GlobalSection(ExtensibilityGlobals) = postSolution
		SolutionGuid = {E02B8A3E-6887-4146-8954-56F7E5044B4A}
	EndGlobalSection
EndGlobal
